
Microsoft Visual Studio Solution File, Format Version 12.00
# Visual Studio Version 17
VisualStudioVersion = 17.14.36310.24 d17.14
MinimumVisualStudioVersion = 10.0.40219.1
Project("{FAE04EC0-301F-11D3-BF4B-00C04F79EFBC}") = "VintageKingdoms", "VintageKingdoms\VintageKingdoms.csproj", "{65069960-885D-45D5-BCCB-71E13E350C2E}"
EndProject
Project("{FAE04EC0-301F-11D3-BF4B-00C04F79EFBC}") = "CakeBuild", "ZZCakeBuild\CakeBuild.csproj", "{40EDE382-9F47-40B4-BE22-C18FD688B135}"
EndProject
Global
	GlobalSection(SolutionConfigurationPlatforms) = preSolution
		Debug|Any CPU = Debug|Any CPU
		Release|Any CPU = Release|Any CPU
	EndGlobalSection
	GlobalSection(ProjectConfigurationPlatforms) = postSolution
		{65069960-885D-45D5-BCCB-71E13E350C2E}.Debug|Any CPU.ActiveCfg = Debug|Any CPU
		{65069960-885D-45D5-BCCB-71E13E350C2E}.Debug|Any CPU.Build.0 = Debug|Any CPU
		{65069960-885D-45D5-BCCB-71E13E350C2E}.Release|Any CPU.ActiveCfg = Release|Any CPU
		{65069960-885D-45D5-BCCB-71E13E350C2E}.Release|Any CPU.Build.0 = Release|Any CPU
		{40EDE382-9F47-40B4-BE22-C18FD688B135}.Debug|Any CPU.ActiveCfg = Debug|Any CPU
		{40EDE382-9F47-40B4-BE22-C18FD688B135}.Debug|Any CPU.Build.0 = Debug|Any CPU
		{40EDE382-9F47-40B4-BE22-C18FD688B135}.Release|Any CPU.ActiveCfg = Release|Any CPU
		{40EDE382-9F47-40B4-BE22-C18FD688B135}.Release|Any CPU.Build.0 = Release|Any CPU
	EndGlobalSection
	GlobalSection(SolutionProperties) = preSolution
		HideSolutionNode = FALSE
	EndGlobalSection
	GlobalSection(ExtensibilityGlobals) = postSolution
		SolutionGuid = {F60E5EA5-D915-4E63-B493-B359A429A112}
	EndGlobalSection
EndGlobal
